
Microsoft Visual Studio Solution File, Format Version 12.00
# Visual Studio 2013
VisualStudioVersion = 12.0.31101.0
MinimumVisualStudioVersion = 10.0.40219.1
Project("{FAE04EC0-301F-11D3-BF4B-00C04F79EFBC}") = "THGTests", "THGTests\THGTests.csproj", "{54FE0C0B-6B12-4828-901B-118DBBBD2283}"
EndProject
Project("{FAE04EC0-301F-11D3-BF4B-00C04F79EFBC}") = "Answer1_WordCount", "Answer1_WordCount\Answer1_WordCount.csproj", "{46D70B0E-109F-4837-94BD-26DCBCA838DF}"
EndProject
Project("{FAE04EC0-301F-11D3-BF4B-00C04F79EFBC}") = "Answer2_Threading", "Answer2_Threading\Answer2_Threading.csproj", "{F155526A-E3E6-495C-9C94-E1A4C63FF3D8}"
EndProject
Global
	GlobalSection(SolutionConfigurationPlatforms) = preSolution
		Debug|Any CPU = Debug|Any CPU
		Release|Any CPU = Release|Any CPU
	EndGlobalSection
	GlobalSection(ProjectConfigurationPlatforms) = postSolution
		{54FE0C0B-6B12-4828-901B-118DBBBD2283}.Debug|Any CPU.ActiveCfg = Debug|Any CPU
		{54FE0C0B-6B12-4828-901B-118DBBBD2283}.Debug|Any CPU.Build.0 = Debug|Any CPU
		{54FE0C0B-6B12-4828-901B-118DBBBD2283}.Release|Any CPU.ActiveCfg = Release|Any CPU
		{54FE0C0B-6B12-4828-901B-118DBBBD2283}.Release|Any CPU.Build.0 = Release|Any CPU
		{46D70B0E-109F-4837-94BD-26DCBCA838DF}.Debug|Any CPU.ActiveCfg = Debug|Any CPU
		{46D70B0E-109F-4837-94BD-26DCBCA838DF}.Debug|Any CPU.Build.0 = Debug|Any CPU
		{46D70B0E-109F-4837-94BD-26DCBCA838DF}.Release|Any CPU.ActiveCfg = Release|Any CPU
		{46D70B0E-109F-4837-94BD-26DCBCA838DF}.Release|Any CPU.Build.0 = Release|Any CPU
		{F155526A-E3E6-495C-9C94-E1A4C63FF3D8}.Debug|Any CPU.ActiveCfg = Debug|Any CPU
		{F155526A-E3E6-495C-9C94-E1A4C63FF3D8}.Debug|Any CPU.Build.0 = Debug|Any CPU
		{F155526A-E3E6-495C-9C94-E1A4C63FF3D8}.Release|Any CPU.ActiveCfg = Release|Any CPU
		{F155526A-E3E6-495C-9C94-E1A4C63FF3D8}.Release|Any CPU.Build.0 = Release|Any CPU
	EndGlobalSection
	GlobalSection(SolutionProperties) = preSolution
		HideSolutionNode = FALSE
	EndGlobalSection
EndGlobal
